
Microsoft Visual Studio Solution File, Format Version 12.00
# Visual Studio Version 16
VisualStudioVersion = 16.0.29519.87
MinimumVisualStudioVersion = 10.0.40219.1
Project("{FAE04EC0-301F-11D3-BF4B-00C04F79EFBC}") = "Asp_Giurgila_Alexandru_Rp", "Asp_Giurgila_Alexandru_Rp\Asp_Giurgila_Alexandru_Rp.csproj", "{6FD870C9-9FD3-4009-9229-51B9ACB5766C}"
EndProject
Global
	GlobalSection(SolutionConfigurationPlatforms) = preSolution
		Debug|Any CPU = Debug|Any CPU
		Release|Any CPU = Release|Any CPU
	EndGlobalSection
	GlobalSection(ProjectConfigurationPlatforms) = postSolution
		{6FD870C9-9FD3-4009-9229-51B9ACB5766C}.Debug|Any CPU.ActiveCfg = Debug|Any CPU
		{6FD870C9-9FD3-4009-9229-51B9ACB5766C}.Debug|Any CPU.Build.0 = Debug|Any CPU
		{6FD870C9-9FD3-4009-9229-51B9ACB5766C}.Release|Any CPU.ActiveCfg = Release|Any CPU
		{6FD870C9-9FD3-4009-9229-51B9ACB5766C}.Release|Any CPU.Build.0 = Release|Any CPU
	EndGlobalSection
	GlobalSection(SolutionProperties) = preSolution
		HideSolutionNode = FALSE
	EndGlobalSection
	GlobalSection(ExtensibilityGlobals) = postSolution
		SolutionGuid = {BA026DBD-C5F3-4D74-A706-15D3CAA86185}
	EndGlobalSection
EndGlobal
