
Microsoft Visual Studio Solution File, Format Version 12.00
# Visual Studio Version 16
VisualStudioVersion = 16.0.29519.87
MinimumVisualStudioVersion = 10.0.40219.1
Project("{FAE04EC0-301F-11D3-BF4B-00C04F79EFBC}") = "GrpcGreeterClient", "GrpcGreeterClient\GrpcGreeterClient.csproj", "{2984DE37-EFF5-4F63-82D3-ABBB8D80F5CA}"
EndProject
Global
	GlobalSection(SolutionConfigurationPlatforms) = preSolution
		Debug|Any CPU = Debug|Any CPU
		Release|Any CPU = Release|Any CPU
	EndGlobalSection
	GlobalSection(ProjectConfigurationPlatforms) = postSolution
		{2984DE37-EFF5-4F63-82D3-ABBB8D80F5CA}.Debug|Any CPU.ActiveCfg = Debug|Any CPU
		{2984DE37-EFF5-4F63-82D3-ABBB8D80F5CA}.Debug|Any CPU.Build.0 = Debug|Any CPU
		{2984DE37-EFF5-4F63-82D3-ABBB8D80F5CA}.Release|Any CPU.ActiveCfg = Release|Any CPU
		{2984DE37-EFF5-4F63-82D3-ABBB8D80F5CA}.Release|Any CPU.Build.0 = Release|Any CPU
	EndGlobalSection
	GlobalSection(SolutionProperties) = preSolution
		HideSolutionNode = FALSE
	EndGlobalSection
	GlobalSection(ExtensibilityGlobals) = postSolution
		SolutionGuid = {A541C7F4-0A26-4535-A3A3-EA4891483E66}
	EndGlobalSection
EndGlobal
